// !$*UTF8*$!
{
	archiveVersion = 1;
	classes = {
	};
	objectVersion = 46;
	objects = {

/* Begin PBXBuildFile section */
		BB5BCE4819C7CF2A00835E1C /* Foundation.framework in Frameworks */ = {isa = PBXBuildFile; fileRef = BB5BCE4719C7CF2A00835E1C /* Foundation.framework */; };
		BB5BCE4A19C7CF2A00835E1C /* CoreGraphics.framework in Frameworks */ = {isa = PBXBuildFile; fileRef = BB5BCE4919C7CF2A00835E1C /* CoreGraphics.framework */; };
		BB5BCE4C19C7CF2A00835E1C /* UIKit.framework in Frameworks */ = {isa = PBXBuildFile; fileRef = BB5BCE4B19C7CF2A00835E1C /* UIKit.framework */; };
		BB5BCE5219C7CF2A00835E1C /* InfoPlist.strings in Resources */ = {isa = PBXBuildFile; fileRef = BB5BCE5019C7CF2A00835E1C /* InfoPlist.strings */; };
		BB5BCE5419C7CF2A00835E1C /* main.m in Sources */ = {isa = PBXBuildFile; fileRef = BB5BCE5319C7CF2A00835E1C /* main.m */; };
		BB5BCE5819C7CF2A00835E1C /* UDAppDelegate.m in Sources */ = {isa = PBXBuildFile; fileRef = BB5BCE5719C7CF2A00835E1C /* UDAppDelegate.m */; };
		BB5BCE5A19C7CF2A00835E1C /* Images.xcassets in Resources */ = {isa = PBXBuildFile; fileRef = BB5BCE5919C7CF2A00835E1C /* Images.xcassets */; };
		BB5BCE6119C7CF2A00835E1C /* XCTest.framework in Frameworks */ = {isa = PBXBuildFile; fileRef = BB5BCE6019C7CF2A00835E1C /* XCTest.framework */; };
		BB5BCE6219C7CF2A00835E1C /* Foundation.framework in Frameworks */ = {isa = PBXBuildFile; fileRef = BB5BCE4719C7CF2A00835E1C /* Foundation.framework */; };
		BB5BCE6319C7CF2A00835E1C /* UIKit.framework in Frameworks */ = {isa = PBXBuildFile; fileRef = BB5BCE4B19C7CF2A00835E1C /* UIKit.framework */; };
		BB5BCE6B19C7CF2A00835E1C /* InfoPlist.strings in Resources */ = {isa = PBXBuildFile; fileRef = BB5BCE6919C7CF2A00835E1C /* InfoPlist.strings */; };
		BB5BCE6D19C7CF2A00835E1C /* UndrunkTests.m in Sources */ = {isa = PBXBuildFile; fileRef = BB5BCE6C19C7CF2A00835E1C /* UndrunkTests.m */; };
/* End PBXBuildFile section */

/* Begin PBXContainerItemProxy section */
		BB5BCE6419C7CF2A00835E1C /* PBXContainerItemProxy */ = {
			isa = PBXContainerItemProxy;
			containerPortal = BB5BCE3C19C7CF2A00835E1C /* Project object */;
			proxyType = 1;
			remoteGlobalIDString = BB5BCE4319C7CF2A00835E1C;
			remoteInfo = Undrunk;
		};
/* End PBXContainerItemProxy section */

/* Begin PBXFileReference section */
		BB5BCE4419C7CF2A00835E1C /* Undrunk.app */ = {isa = PBXFileReference; explicitFileType = wrapper.application; includeInIndex = 0; path = Undrunk.app; sourceTree = BUILT_PRODUCTS_DIR; };
		BB5BCE4719C7CF2A00835E1C /* Foundation.framework */ = {isa = PBXFileReference; lastKnownFileType = wrapper.framework; name = Foundation.framework; path = System/Library/Frameworks/Foundation.framework; sourceTree = SDKROOT; };
		BB5BCE4919C7CF2A00835E1C /* CoreGraphics.framework */ = {isa = PBXFileReference; lastKnownFileType = wrapper.framework; name = CoreGraphics.framework; path = System/Library/Frameworks/CoreGraphics.framework; sourceTree = SDKROOT; };
		BB5BCE4B19C7CF2A00835E1C /* UIKit.framework */ = {isa = PBXFileReference; lastKnownFileType = wrapper.framework; name = UIKit.framework; path = System/Library/Frameworks/UIKit.framework; sourceTree = SDKROOT; };
		BB5BCE4F19C7CF2A00835E1C /* Undrunk-Info.plist */ = {isa = PBXFileReference; lastKnownFileType = text.plist.xml; path = "Undrunk-Info.plist"; sourceTree = "<group>"; };
		BB5BCE5119C7CF2A00835E1C /* en */ = {isa = PBXFileReference; lastKnownFileType = text.plist.strings; name = en; path = en.lproj/InfoPlist.strings; sourceTree = "<group>"; };
		BB5BCE5319C7CF2A00835E1C /* main.m */ = {isa = PBXFileReference; lastKnownFileType = sourcecode.c.objc; path = main.m; sourceTree = "<group>"; };
		BB5BCE5519C7CF2A00835E1C /* Undrunk-Prefix.pch */ = {isa = PBXFileReference; lastKnownFileType = sourcecode.c.h; path = "Undrunk-Prefix.pch"; sourceTree = "<group>"; };
		BB5BCE5619C7CF2A00835E1C /* UDAppDelegate.h */ = {isa = PBXFileReference; lastKnownFileType = sourcecode.c.h; path = UDAppDelegate.h; sourceTree = "<group>"; };
		BB5BCE5719C7CF2A00835E1C /* UDAppDelegate.m */ = {isa = PBXFileReference; lastKnownFileType = sourcecode.c.objc; path = UDAppDelegate.m; sourceTree = "<group>"; };
		BB5BCE5919C7CF2A00835E1C /* Images.xcassets */ = {isa = PBXFileReference; lastKnownFileType = folder.assetcatalog; path = Images.xcassets; sourceTree = "<group>"; };
		BB5BCE5F19C7CF2A00835E1C /* UndrunkTests.xctest */ = {isa = PBXFileReference; explicitFileType = wrapper.cfbundle; includeInIndex = 0; path = UndrunkTests.xctest; sourceTree = BUILT_PRODUCTS_DIR; };
		BB5BCE6019C7CF2A00835E1C /* XCTest.framework */ = {isa = PBXFileReference; lastKnownFileType = wrapper.framework; name = XCTest.framework; path = Library/Frameworks/XCTest.framework; sourceTree = DEVELOPER_DIR; };
		BB5BCE6819C7CF2A00835E1C /* UndrunkTests-Info.plist */ = {isa = PBXFileReference; lastKnownFileType = text.plist.xml; path = "UndrunkTests-Info.plist"; sourceTree = "<group>"; };
		BB5BCE6A19C7CF2A00835E1C /* en */ = {isa = PBXFileReference; lastKnownFileType = text.plist.strings; name = en; path = en.lproj/InfoPlist.strings; sourceTree = "<group>"; };
		BB5BCE6C19C7CF2A00835E1C /* UndrunkTests.m */ = {isa = PBXFileReference; lastKnownFileType = sourcecode.c.objc; path = UndrunkTests.m; sourceTree = "<group>"; };
/* End PBXFileReference section */

/* Begin PBXFrameworksBuildPhase section */
		BB5BCE4119C7CF2A00835E1C /* Frameworks */ = {
			isa = PBXFrameworksBuildPhase;
			buildActionMask = 2147483647;
			files = (
				BB5BCE4A19C7CF2A00835E1C /* CoreGraphics.framework in Frameworks */,
				BB5BCE4C19C7CF2A00835E1C /* UIKit.framework in Frameworks */,
				BB5BCE4819C7CF2A00835E1C /* Foundation.framework in Frameworks */,
			);
			runOnlyForDeploymentPostprocessing = 0;
		};
		BB5BCE5C19C7CF2A00835E1C /* Frameworks */ = {
			isa = PBXFrameworksBuildPhase;
			buildActionMask = 2147483647;
			files = (
				BB5BCE6119C7CF2A00835E1C /* XCTest.framework in Frameworks */,
				BB5BCE6319C7CF2A00835E1C /* UIKit.framework in Frameworks */,
				BB5BCE6219C7CF2A00835E1C /* Foundation.framework in Frameworks */,
			);
			runOnlyForDeploymentPostprocessing = 0;
		};
/* End PBXFrameworksBuildPhase section */

/* Begin PBXGroup section */
		BB5BCE3B19C7CF2A00835E1C = {
			isa = PBXGroup;
			children = (
				BB5BCE4D19C7CF2A00835E1C /* Undrunk */,
				BB5BCE6619C7CF2A00835E1C /* UndrunkTests */,
				BB5BCE4619C7CF2A00835E1C /* Frameworks */,
				BB5BCE4519C7CF2A00835E1C /* Products */,
			);
			sourceTree = "<group>";
		};
		BB5BCE4519C7CF2A00835E1C /* Products */ = {
			isa = PBXGroup;
			children = (
				BB5BCE4419C7CF2A00835E1C /* Undrunk.app */,
				BB5BCE5F19C7CF2A00835E1C /* UndrunkTests.xctest */,
			);
			name = Products;
			sourceTree = "<group>";
		};
		BB5BCE4619C7CF2A00835E1C /* Frameworks */ = {
			isa = PBXGroup;
			children = (
				BB5BCE4719C7CF2A00835E1C /* Foundation.framework */,
				BB5BCE4919C7CF2A00835E1C /* CoreGraphics.framework */,
				BB5BCE4B19C7CF2A00835E1C /* UIKit.framework */,
				BB5BCE6019C7CF2A00835E1C /* XCTest.framework */,
			);
			name = Frameworks;
			sourceTree = "<group>";
		};
		BB5BCE4D19C7CF2A00835E1C /* Undrunk */ = {
			isa = PBXGroup;
			children = (
				BB5BCE5619C7CF2A00835E1C /* UDAppDelegate.h */,
				BB5BCE5719C7CF2A00835E1C /* UDAppDelegate.m */,
				BB5BCE5919C7CF2A00835E1C /* Images.xcassets */,
				BB5BCE4E19C7CF2A00835E1C /* Supporting Files */,
			);
			path = Undrunk;
			sourceTree = "<group>";
		};
		BB5BCE4E19C7CF2A00835E1C /* Supporting Files */ = {
			isa = PBXGroup;
			children = (
				BB5BCE4F19C7CF2A00835E1C /* Undrunk-Info.plist */,
				BB5BCE5019C7CF2A00835E1C /* InfoPlist.strings */,
				BB5BCE5319C7CF2A00835E1C /* main.m */,
				BB5BCE5519C7CF2A00835E1C /* Undrunk-Prefix.pch */,
			);
			name = "Supporting Files";
			sourceTree = "<group>";
		};
		BB5BCE6619C7CF2A00835E1C /* UndrunkTests */ = {
			isa = PBXGroup;
			children = (
				BB5BCE6C19C7CF2A00835E1C /* UndrunkTests.m */,
				BB5BCE6719C7CF2A00835E1C /* Supporting Files */,
			);
			path = UndrunkTests;
			sourceTree = "<group>";
		};
		BB5BCE6719C7CF2A00835E1C /* Supporting Files */ = {
			isa = PBXGroup;
			children = (
				BB5BCE6819C7CF2A00835E1C /* UndrunkTests-Info.plist */,
				BB5BCE6919C7CF2A00835E1C /* InfoPlist.strings */,
			);
			name = "Supporting Files";
			sourceTree = "<group>";
		};
/* End PBXGroup section */

/* Begin PBXNativeTarget section */
		BB5BCE4319C7CF2A00835E1C /* Undrunk */ = {
			isa = PBXNativeTarget;
			buildConfigurationList = BB5BCE7019C7CF2A00835E1C /* Build configuration list for PBXNativeTarget "Undrunk" */;
			buildPhases = (
				BB5BCE4019C7CF2A00835E1C /* Sources */,
				BB5BCE4119C7CF2A00835E1C /* Frameworks */,
				BB5BCE4219C7CF2A00835E1C /* Resources */,
			);
			buildRules = (
			);
			dependencies = (
			);
			name = Undrunk;
			productName = Undrunk;
			productReference = BB5BCE4419C7CF2A00835E1C /* Undrunk.app */;
			productType = "com.apple.product-type.application";
		};
		BB5BCE5E19C7CF2A00835E1C /* UndrunkTests */ = {
			isa = PBXNativeTarget;
			buildConfigurationList = BB5BCE7319C7CF2A00835E1C /* Build configuration list for PBXNativeTarget "UndrunkTests" */;
			buildPhases = (
				BB5BCE5B19C7CF2A00835E1C /* Sources */,
				BB5BCE5C19C7CF2A00835E1C /* Frameworks */,
				BB5BCE5D19C7CF2A00835E1C /* Resources */,
			);
			buildRules = (
			);
			dependencies = (
				BB5BCE6519C7CF2A00835E1C /* PBXTargetDependency */,
			);
			name = UndrunkTests;
			productName = UndrunkTests;
			productReference = BB5BCE5F19C7CF2A00835E1C /* UndrunkTests.xctest */;
			productType = "com.apple.product-type.bundle.unit-test";
		};
/* End PBXNativeTarget section */

/* Begin PBXProject section */
		BB5BCE3C19C7CF2A00835E1C /* Project object */ = {
			isa = PBXProject;
			attributes = {
				CLASSPREFIX = UD;
				LastUpgradeCheck = 0510;
				ORGANIZATIONNAME = WoracesWorkshop;
				TargetAttributes = {
					BB5BCE5E19C7CF2A00835E1C = {
						TestTargetID = BB5BCE4319C7CF2A00835E1C;
					};
				};
			};
			buildConfigurationList = BB5BCE3F19C7CF2A00835E1C /* Build configuration list for PBXProject "Undrunk" */;
			compatibilityVersion = "Xcode 3.2";
			developmentRegion = English;
			hasScannedForEncodings = 0;
			knownRegions = (
				en,
			);
			mainGroup = BB5BCE3B19C7CF2A00835E1C;
			productRefGroup = BB5BCE4519C7CF2A00835E1C /* Products */;
			projectDirPath = "";
			projectRoot = "";
			targets = (
				BB5BCE4319C7CF2A00835E1C /* Undrunk */,
				BB5BCE5E19C7CF2A00835E1C /* UndrunkTests */,
			);
		};
/* End PBXProject section */

/* Begin PBXResourcesBuildPhase section */
		BB5BCE4219C7CF2A00835E1C /* Resources */ = {
			isa = PBXResourcesBuildPhase;
			buildActionMask = 2147483647;
			files = (
				BB5BCE5219C7CF2A00835E1C /* InfoPlist.strings in Resources */,
				BB5BCE5A19C7CF2A00835E1C /* Images.xcassets in Resources */,
			);
			runOnlyForDeploymentPostprocessing = 0;
		};
		BB5BCE5D19C7CF2A00835E1C /* Resources */ = {
			isa = PBXResourcesBuildPhase;
			buildActionMask = 2147483647;
			files = (
				BB5BCE6B19C7CF2A00835E1C /* InfoPlist.strings in Resources */,
			);
			runOnlyForDeploymentPostprocessing = 0;
		};
/* End PBXResourcesBuildPhase section */

/* Begin PBXSourcesBuildPhase section */
		BB5BCE4019C7CF2A00835E1C /* Sources */ = {
			isa = PBXSourcesBuildPhase;
			buildActionMask = 2147483647;
			files = (
				BB5BCE5419C7CF2A00835E1C /* main.m in Sources */,
				BB5BCE5819C7CF2A00835E1C /* UDAppDelegate.m in Sources */,
			);
			runOnlyForDeploymentPostprocessing = 0;
		};
		BB5BCE5B19C7CF2A00835E1C /* Sources */ = {
			isa = PBXSourcesBuildPhase;
			buildActionMask = 2147483647;
			files = (
				BB5BCE6D19C7CF2A00835E1C /* UndrunkTests.m in Sources */,
			);
			runOnlyForDeploymentPostprocessing = 0;
		};
/* End PBXSourcesBuildPhase section */

/* Begin PBXTargetDependency section */
		BB5BCE6519C7CF2A00835E1C /* PBXTargetDependency */ = {
			isa = PBXTargetDependency;
			target = BB5BCE4319C7CF2A00835E1C /* Undrunk */;
			targetProxy = BB5BCE6419C7CF2A00835E1C /* PBXContainerItemProxy */;
		};
/* End PBXTargetDependency section */

/* Begin PBXVariantGroup section */
		BB5BCE5019C7CF2A00835E1C /* InfoPlist.strings */ = {
			isa = PBXVariantGroup;
			children = (
				BB5BCE5119C7CF2A00835E1C /* en */,
			);
			name = InfoPlist.strings;
			sourceTree = "<group>";
		};
		BB5BCE6919C7CF2A00835E1C /* InfoPlist.strings */ = {
			isa = PBXVariantGroup;
			children = (
				BB5BCE6A19C7CF2A00835E1C /* en */,
			);
			name = InfoPlist.strings;
			sourceTree = "<group>";
		};
/* End PBXVariantGroup section */

/* Begin XCBuildConfiguration section */
		BB5BCE6E19C7CF2A00835E1C /* Debug */ = {
			isa = XCBuildConfiguration;
			buildSettings = {
				ALWAYS_SEARCH_USER_PATHS = NO;
				CLANG_CXX_LANGUAGE_STANDARD = "gnu++0x";
				CLANG_CXX_LIBRARY = "libc++";
				CLANG_ENABLE_MODULES = YES;
				CLANG_ENABLE_OBJC_ARC = YES;
				CLANG_WARN_BOOL_CONVERSION = YES;
				CLANG_WARN_CONSTANT_CONVERSION = YES;
				CLANG_WARN_DIRECT_OBJC_ISA_USAGE = YES_ERROR;
				CLANG_WARN_EMPTY_BODY = YES;
				CLANG_WARN_ENUM_CONVERSION = YES;
				CLANG_WARN_INT_CONVERSION = YES;
				CLANG_WARN_OBJC_ROOT_CLASS = YES_ERROR;
				CLANG_WARN__DUPLICATE_METHOD_MATCH = YES;
				"CODE_SIGN_IDENTITY[sdk=iphoneos*]" = "iPhone Developer";
				COPY_PHASE_STRIP = NO;
				GCC_C_LANGUAGE_STANDARD = gnu99;
				GCC_DYNAMIC_NO_PIC = NO;
				GCC_OPTIMIZATION_LEVEL = 0;
				GCC_PREPROCESSOR_DEFINITIONS = (
					"DEBUG=1",
					"$(inherited)",
				);
				GCC_SYMBOLS_PRIVATE_EXTERN = NO;
				GCC_WARN_64_TO_32_BIT_CONVERSION = YES;
				GCC_WARN_ABOUT_RETURN_TYPE = YES_ERROR;
				GCC_WARN_UNDECLARED_SELECTOR = YES;
				GCC_WARN_UNINITIALIZED_AUTOS = YES_AGGRESSIVE;
				GCC_WARN_UNUSED_FUNCTION = YES;
				GCC_WARN_UNUSED_VARIABLE = YES;
				IPHONEOS_DEPLOYMENT_TARGET = 7.1;
				ONLY_ACTIVE_ARCH = YES;
				SDKROOT = iphoneos;
			};
			name = Debug;
		};
		BB5BCE6F19C7CF2A00835E1C /* Release */ = {
			isa = XCBuildConfiguration;
			buildSettings = {
				ALWAYS_SEARCH_USER_PATHS = NO;
				CLANG_CXX_LANGUAGE_STANDARD = "gnu++0x";
				CLANG_CXX_LIBRARY = "libc++";
				CLANG_ENABLE_MODULES = YES;
				CLANG_ENABLE_OBJC_ARC = YES;
				CLANG_WARN_BOOL_CONVERSION = YES;
				CLANG_WARN_CONSTANT_CONVERSION = YES;
				CLANG_WARN_DIRECT_OBJC_ISA_USAGE = YES_ERROR;
				CLANG_WARN_EMPTY_BODY = YES;
				CLANG_WARN_ENUM_CONVERSION = YES;
				CLANG_WARN_INT_CONVERSION = YES;
				CLANG_WARN_OBJC_ROOT_CLASS = YES_ERROR;
				CLANG_WARN__DUPLICATE_METHOD_MATCH = YES;
				"CODE_SIGN_IDENTITY[sdk=iphoneos*]" = "iPhone Developer";
				COPY_PHASE_STRIP = YES;
				ENABLE_NS_ASSERTIONS = NO;
				GCC_C_LANGUAGE_STANDARD = gnu99;
				GCC_WARN_64_TO_32_BIT_CONVERSION = YES;
				GCC_WARN_ABOUT_RETURN_TYPE = YES_ERROR;
				GCC_WARN_UNDECLARED_SELECTOR = YES;
				GCC_WARN_UNINITIALIZED_AUTOS = YES_AGGRESSIVE;
				GCC_WARN_UNUSED_FUNCTION = YES;
				GCC_WARN_UNUSED_VARIABLE = YES;
				IPHONEOS_DEPLOYMENT_TARGET = 7.1;
				SDKROOT = iphoneos;
				VALIDATE_PRODUCT = YES;
			};
			name = Release;
		};
		BB5BCE7119C7CF2A00835E1C /* Debug */ = {
			isa = XCBuildConfiguration;
			buildSettings = {
				ASSETCATALOG_COMPILER_APPICON_NAME = AppIcon;
				ASSETCATALOG_COMPILER_LAUNCHIMAGE_NAME = LaunchImage;
				GCC_PRECOMPILE_PREFIX_HEADER = YES;
				GCC_PREFIX_HEADER = "Undrunk/Undrunk-Prefix.pch";
				INFOPLIST_FILE = "Undrunk/Undrunk-Info.plist";
				PRODUCT_NAME = "$(TARGET_NAME)";
				WRAPPER_EXTENSION = app;
			};
			name = Debug;
		};
		BB5BCE7219C7CF2A00835E1C /* Release */ = {
			isa = XCBuildConfiguration;
			buildSettings = {
				ASSETCATALOG_COMPILER_APPICON_NAME = AppIcon;
				ASSETCATALOG_COMPILER_LAUNCHIMAGE_NAME = LaunchImage;
				GCC_PRECOMPILE_PREFIX_HEADER = YES;
				GCC_PREFIX_HEADER = "Undrunk/Undrunk-Prefix.pch";
				INFOPLIST_FILE = "Undrunk/Undrunk-Info.plist";
				PRODUCT_NAME = "$(TARGET_NAME)";
				WRAPPER_EXTENSION = app;
			};
			name = Release;
		};
		BB5BCE7419C7CF2A00835E1C /* Debug */ = {
			isa = XCBuildConfiguration;
			buildSettings = {
				BUNDLE_LOADER = "$(BUILT_PRODUCTS_DIR)/Undrunk.app/Undrunk";
				FRAMEWORK_SEARCH_PATHS = (
					"$(SDKROOT)/Developer/Library/Frameworks",
					"$(inherited)",
					"$(DEVELOPER_FRAMEWORKS_DIR)",
				);
				GCC_PRECOMPILE_PREFIX_HEADER = YES;
				GCC_PREFIX_HEADER = "Undrunk/Undrunk-Prefix.pch";
				GCC_PREPROCESSOR_DEFINITIONS = (
					"DEBUG=1",
					"$(inherited)",
				);
				INFOPLIST_FILE = "UndrunkTests/UndrunkTests-Info.plist";
				PRODUCT_NAME = "$(TARGET_NAME)";
				TEST_HOST = "$(BUNDLE_LOADER)";
				WRAPPER_EXTENSION = xctest;
			};
			name = Debug;
		};
		BB5BCE7519C7CF2A00835E1C /* Release */ = {
			isa = XCBuildConfiguration;
			buildSettings = {
				BUNDLE_LOADER = "$(BUILT_PRODUCTS_DIR)/Undrunk.app/Undrunk";
				FRAMEWORK_SEARCH_PATHS = (
					"$(SDKROOT)/Developer/Library/Frameworks",
					"$(inherited)",
					"$(DEVELOPER_FRAMEWORKS_DIR)",
				);
				GCC_PRECOMPILE_PREFIX_HEADER = YES;
				GCC_PREFIX_HEADER = "Undrunk/Undrunk-Prefix.pch";
				INFOPLIST_FILE = "UndrunkTests/UndrunkTests-Info.plist";
				PRODUCT_NAME = "$(TARGET_NAME)";
				TEST_HOST = "$(BUNDLE_LOADER)";
				WRAPPER_EXTENSION = xctest;
			};
			name = Release;
		};
/* End XCBuildConfiguration section */

/* Begin XCConfigurationList section */
		BB5BCE3F19C7CF2A00835E1C /* Build configuration list for PBXProject "Undrunk" */ = {
			isa = XCConfigurationList;
			buildConfigurations = (
				BB5BCE6E19C7CF2A00835E1C /* Debug */,
				BB5BCE6F19C7CF2A00835E1C /* Release */,
			);
			defaultConfigurationIsVisible = 0;
			defaultConfigurationName = Release;
		};
		BB5BCE7019C7CF2A00835E1C /* Build configuration list for PBXNativeTarget "Undrunk" */ = {
			isa = XCConfigurationList;
			buildConfigurations = (
				BB5BCE7119C7CF2A00835E1C /* Debug */,
				BB5BCE7219C7CF2A00835E1C /* Release */,
			);
			defaultConfigurationIsVisible = 0;
		};
		BB5BCE7319C7CF2A00835E1C /* Build configuration list for PBXNativeTarget "UndrunkTests" */ = {
			isa = XCConfigurationList;
			buildConfigurations = (
				BB5BCE7419C7CF2A00835E1C /* Debug */,
				BB5BCE7519C7CF2A00835E1C /* Release */,
			);
			defaultConfigurationIsVisible = 0;
		};
/* End XCConfigurationList section */
	};
	rootObject = BB5BCE3C19C7CF2A00835E1C /* Project object */;
}
